github.com/QuestScreen/api v0.3.0 h1:LhEW/eFojKSie4a7oi58f+3SG49h6haSvg36xOOQ4gQ=
github.com/QuestScreen/api v0.3.0/go.mod h1:/B3uPCRFw7o8DucaI5J/3ZrMMiwybNMJ4jvlCEIFkKM=
github.com/QuestScreen/api v0.3.1-0.20200504173908-4a1dd3b04fc9 h1:DBueojpX55qDVOYUL6GNuDB4YHL/7wnSDa1T4tFOJkw=
github.com/QuestScreen/api v0.3.1-0.20200504173908-4a1dd3b04fc9/go.mod h1:sqrXQiANC4U60mUEzEvpGD4VUhIeshQE0fNlvUsnQxA=
github.com/QuestScreen/api v0.3.1-0.20200504203136-cc74205c5674 h1:bi47dsPF4VtDUlA2ujFECd5/ZIZrH5jSkuP39c8FyiU=
github.com/QuestScreen/api v0.3.1-0.20200504203136-cc74205c5674/go.mod h1:sqrXQiANC4U60mUEzEvpGD4VUhIeshQE0fNlvUsnQxA=
github.com/QuestScreen/api v0.3.1-0.20200505152736-e865016c37da h1:IqeRxvIjDPqGjxU0+Sjm+XFoL4ggafi9dfl4i6omAdg=
github.com/QuestScreen/api v0.3.1-0.20200505152736-e865016c37da/go.mod h1:sqrXQiANC4U60mUEzEvpGD4VUhIeshQE0fNlvUsnQxA=
github.com/QuestScreen/api v0.3.1-0.20200505155302-0e2f2d8d946a h1:+yNldARXwaMDbZFkqY2s+R8F8Gnhld14dubTVy2A/SE=
github.com/QuestScreen/api v0.3.1-0.20200505155302-0e2f2d8d946a/go.mod h1:sqrXQiANC4U60mUEzEvpGD4VUhIeshQE0fNlvUsnQxA=
github.com/QuestScreen/api v0.3.1-0.20200505172522-2f7291b1db9a h1:XVgHFWuSo9AOHQ8FTI3NZCF7X4lXJ6MAwIuJQnfk5uE=
github.com/QuestScreen/api v0.3.1-0.20200505172522-2f7291b1db9a/go.mod h1:sqrXQiANC4U60mUEzEvpGD4VUhIeshQE0fNlvUsnQxA=
github.com/QuestScreen/api v0.3.1-0.20200506181403-9ef0efa71453 h1:xvpz2z2xmUeGj3VJJ0xn0cPCQFtj2OMb7EFdlr759js=
github.com/QuestScreen/api v0.3.1-0.20200506181403-9ef0efa71453/go.mod h1:sqrXQiANC4U60mUEzEvpGD4VUhIeshQE0fNlvUsnQxA=
github.com/QuestScreen/api v0.3.1-0.20200508180140-a35f29fe8739 h1:2QpqaX93D4PSSMxe/PUSW0A+2/lBlRQGe/qQAGr2cQM=
github.com/QuestScreen/api v0.3.1-0.20200508180140-a35f29fe8739/go.mod h1:sqrXQiANC4U60mUEzEvpGD4VUhIeshQE0fNlvUsnQxA=
github.com/QuestScreen/api v0.3.1-0.20200508183442-5344dd28a5dd h1:UjHISQfp42cbATafapxMgWXak4nCtGpg080smkxP96w=
github.com/QuestScreen/api v0.3.1-0.20200508183442-5344dd28a5dd/go.mod h1:sqrXQiANC4U60mUEzEvpGD4VUhIeshQE0fNlvUsnQxA=
github.com/QuestScreen/api v0.3.1-0.20200508203159-984cde745b41 h1:VUYhXIzjUvPK/7pyYfmeolM/Xs7yolILbHwe1Vt796Q=
github.com/QuestScreen/api v0.3.1-0.20200508203159-984cde745b41/go.mod h1:sqrXQiANC4U60mUEzEvpGD4VUhIeshQE0fNlvUsnQxA=
github.com/QuestScreen/api v0.3.1-0.20200510100807-266bfbab87ca h1:TxKaX8l5eF2WdW9WJsZWbUo7kZ0+eh+olvyU4NRizco=
github.com/QuestScreen/api v0.3.1-0.20200510100807-266bfbab87ca/go.mod h1:sqrXQiANC4U60mUEzEvpGD4VUhIeshQE0fNlvUsnQxA=
github.com/QuestScreen/api v0.3.1-0.20200511172200-66bb1d6a7525 h1:1gh1ZCsWL+O1g4ud0XbXd02sRmwAVj1mGWk7gks5iWc=
github.com/QuestScreen/api v0.3.1-0.20200511172200-66bb1d6a7525/go.mod h1:sqrXQiANC4U60mUEzEvpGD4VUhIeshQE0fNlvUsnQxA=
github.com/QuestScreen/api v0.3.1-0.20200511172853-b57e04897e4a h1:qFcfLNCU3Lw+lYBwqf0aO7sWvIC+mz9TCe8gvZgT5lg=
github.com/QuestScreen/api v0.3.1-0.20200511172853-b57e04897e4a/go.mod h1:sqrXQiANC4U60mUEzEvpGD4VUhIeshQE0fNlvUsnQxA=
github.com/QuestScreen/api v0.3.1-0.20200511181934-765d96039643 h1:qsZKI3jffHu2CAsPftaQS3WTsYGSWUY+5oFaHTVvC8I=
github.com/QuestScreen/api v0.3.1-0.20200511181934-765d96039643/go.mod h1:sqrXQiANC4U60mUEzEvpGD4VUhIeshQE0fNlvUsnQxA=
github.com/QuestScreen/api v0.3.1-0.20200513164343-c18ff3e756c9 h1:YqAjf6PRvY8Ky8lKePsqkk5WykQ63P6iH7TFs4WKQLw=
github.com/QuestScreen/api v0.3.1-0.20200513164343-c18ff3e756c9/go.mod h1:sqrXQiANC4U60mUEzEvpGD4VUhIeshQE0fNlvUsnQxA=
github.com/QuestScreen/api v0.3.1-0.20200513165715-8421177eb85b h1:QbxbLcFpKqhvITfXrzrOBtKS7gWYfPuN79nykKVkVBk=
github.com/QuestScreen/api v0.3.1-0.20200513165715-8421177eb85b/go.mod h1:sqrXQiANC4U60mUEzEvpGD4VUhIeshQE0fNlvUsnQxA=
github.com/QuestScreen/api v0.3.1-0.20200513171354-5187ee57e61d h1:vzYmnjpOC1U5vM7+mBWenSghu65A/moIgO+78s2beOM=
github.com/QuestScreen/api v0.3.1-0.20200513171354-5187ee57e61d/go.mod h1:sqrXQiANC4U60mUEzEvpGD4VUhIeshQE0fNlvUsnQxA=
github.com/QuestScreen/api v0.3.1-0.20200513171510-1996e4747bf2 h1:weKG8uO4AQ38akTQjFm5SFBwA/M+1+iKgpg7T9GRMmk=
github.com/QuestScreen/api v0.3.1-0.20200513171510-1996e4747bf2/go.mod h1:sqrXQiANC4U60mUEzEvpGD4VUhIeshQE0fNlvUsnQxA=
github.com/QuestScreen/api v0.3.1-0.20200513171613-f25cb3ef6429 h1:MUvnogHBuBPHRH7X7/E9WYmArtLLescDxTkzxgruL70=
github.com/QuestScreen/api v0.3.1-0.20200513171613-f25cb3ef6429/go.mod h1:sqrXQiANC4U60mUEzEvpGD4VUhIeshQE0fNlvUsnQxA=
github.com/QuestScreen/api v0.3.1-0.20200513173642-bebd715bf967 h1:wEa8K0krWWtFZ2KNWKnyYeOfSphB27/zO3QdxvrdLts=
github.com/QuestScreen/api v0.3.1-0.20200513173642-bebd715bf967/go.mod h1:sqrXQiANC4U60mUEzEvpGD4VUhIeshQE0fNlvUsnQxA=
github.com/QuestScreen/api v0.3.1-0.20200513184040-888c1e8b1a75 h1:nBF10NiefCh2geyS9T+KvMY6i24qlMXfjBScsRBapR4=
github.com/QuestScreen/api v0.3.1-0.20200513184040-888c1e8b1a75/go.mod h1:sqrXQiANC4U60mUEzEvpGD4VUhIeshQE0fNlvUsnQxA=
github.com/QuestScreen/api v0.3.1-0.20200514154320-7087ac5bf28d h1:IR9ZMFsFkFuCPEpedRxtW9Drnoqeit3NTGM8IbLywCU=
github.com/QuestScreen/api v0.3.1-0.20200514154320-7087ac5bf28d/go.mod h1:sqrXQiANC4U60mUEzEvpGD4VUhIeshQE0fNlvUsnQxA=
github.com/QuestScreen/api v0.3.1-0.20200514154808-66010ced9363 h1:+uYyTCxpbnl/QARK94O/AITnenANnfzjyorZAYUjnZo=
github.com/QuestScreen/api v0.3.1-0.20200514154808-66010ced9363/go.mod h1:sqrXQiANC4U60mUEzEvpGD4VUhIeshQE0fNlvUsnQxA=
github.com/QuestScreen/api v0.3.1-0.20200514155803-dcc4f1d0ffcf h1:kwrklREdvTXe5w0pFhXt6qi3e5XIyYgb4jhXYA4pITU=
github.com/QuestScreen/api v0.3.1-0.20200514155803-dcc4f1d0ffcf/go.mod h1:sqrXQiANC4U60mUEzEvpGD4VUhIeshQE0fNlvUsnQxA=
github.com/QuestScreen/api v0.3.1-0.20200514162627-47f5a93139d2 h1:JytMOFs0kgETPqnyHXU21iFK3Sy7Kdjje89+qbrJCzA=
github.com/QuestScreen/api v0.3.1-0.20200514162627-47f5a93139d2/go.mod h1:sqrXQiANC4U60mUEzEvpGD4VUhIeshQE0fNlvUsnQxA=
github.com/QuestScreen/api v0.3.1-0.20200516102415-eb1f653c6b4e h1:3Alv/m8zHWySBapsJ8vBUMOv1OO3hI5Qfe44p+zJyO8=
github.com/QuestScreen/api v0.3.1-0.20200516102415-eb1f653c6b4e/go.mod h1:sqrXQiANC4U60mUEzEvpGD4VUhIeshQE0fNlvUsnQxA=
github.com/QuestScreen/api v0.3.1-0.20200518154252-4d81709a1b91 h1:+a7qFGXlNta4IN2I4RTUYdpm7e7fFc4R8ROw75WMVWk=
github.com/QuestScreen/api v0.3.1-0.20200518154252-4d81709a1b91/go.mod h1:sqrXQiANC4U60mUEzEvpGD4VUhIeshQE0fNlvUsnQxA=
github.com/QuestScreen/api v0.3.1-0.20200518164830-15aa033dea2c h1:qEExk0AWMf2+oSQh2M7o3MGhD6lgbfDe7JQPSNsFjp8=
github.com/QuestScreen/api v0.3.1-0.20200518164830-15aa033dea2c/go.mod h1:sqrXQiANC4U60mUEzEvpGD4VUhIeshQE0fNlvUsnQxA=
github.com/QuestScreen/api v0.3.1-0.20200518180137-edbcf9030f9a h1:hC3TLIzmBr9YY6vxKyAt7CD8o3JOVpQO1jBQENWYvDY=
github.com/QuestScreen/api v0.3.1-0.20200518180137-edbcf9030f9a/go.mod h1:sqrXQiANC4U60mUEzEvpGD4VUhIeshQE0fNlvUsnQxA=
github.com/QuestScreen/api v0.3.1-0.20200518203121-f4c18be8a6d2 h1:O+RW6tUkf19tUwcnIq/8p7WLK+3ac1+aM4ZpTpfoy28=
github.com/QuestScreen/api v0.3.1-0.20200518203121-f4c18be8a6d2/go.mod h1:sqrXQiANC4U60mUEzEvpGD4VUhIeshQE0fNlvUsnQxA=
github.com/QuestScreen/api v0.3.1-0.20200519180630-78f510194849 h1:zlLFBqhIqdDDHr4rLpIdSfSaiO6gv/27DWDQ0bc8l3I=
github.com/QuestScreen/api v0.3.1-0.20200519180630-78f510194849/go.mod h1:sqrXQiANC4U60mUEzEvpGD4VUhIeshQE0fNlvUsnQxA=
github.com/QuestScreen/api v0.3.1-0.20200519182045-de3a1b50290b h1:RlXhR1cOeDXBAtoFOsJK1rpdNcoTZOCwxORp9l+rRLc=
github.com/QuestScreen/api v0.3.1-0.20200519182045-de3a1b50290b/go.mod h1:sqrXQiANC4U60mUEzEvpGD4VUhIeshQE0fNlvUsnQxA=
github.com/QuestScreen/api v0.3.1-0.20200520173742-96b54bba04af h1:XmPG+XPX0ULeOuErf5N0C31ebEDYegTRjg1CLxa16Ko=
github.com/QuestScreen/api v0.3.1-0.20200520173742-96b54bba04af/go.mod h1:sqrXQiANC4U60mUEzEvpGD4VUhIeshQE0fNlvUsnQxA=
github.com/QuestScreen/api v0.3.1-0.20200520181133-eab8e341e394 h1:r6NK4XeKUiR4o1e0JN8Hy56FnewJqsABArlQnV3EUU0=
github.com/QuestScreen/api v0.3.1-0.20200520181133-eab8e341e394/go.mod h1:sqrXQiANC4U60mUEzEvpGD4VUhIeshQE0fNlvUsnQxA=
github.com/QuestScreen/api v0.3.1-0.20200521101017-6d89eccad097 h1:3D2hXtyFa+B4idkOqqRnLJjl5+XriD5vSGLb5Q1N6yE=
github.com/QuestScreen/api v0.3.1-0.20200521101017-6d89eccad097/go.mod h1:sqrXQiANC4U60mUEzEvpGD4VUhIeshQE0fNlvUsnQxA=
github.com/QuestScreen/api v0.3.1-0.20200522161834-3e279e6d7a1e h1:lKNZSjDrha3c02MGIwAWUrah25kzm9ljD2kWYdRW9S4=
github.com/QuestScreen/api v0.3.1-0.20200522161834-3e279e6d7a1e/go.mod h1:sqrXQiANC4U60mUEzEvpGD4VUhIeshQE0fNlvUsnQxA=
github.com/go-bindata/go-bindata v1.0.0 h1:DZ34txDXWn1DyWa+vQf7V9ANc2ILTtrEjtlsdJRF26M=
github.com/go-bindata/go-bindata v3.1.2+incompatible h1:5vjJMVhowQdPzjE1LdxyFF7YFTXg5IgGVW4gBr5IbvE=
github.com/go-bindata/go-bindata v3.1.2+incompatible/go.mod h1:xK8Dsgwmeed+BBsSy2XTopBn/8uK2HWuGSnA11C3Joo=
github.com/pborman/getopt v0.0.0-20190409184431-ee0cd42419d3 h1:YtFkrqsMEj7YqpIhRteVxJxCeC3jJBieuLr0d4C4rSA=
github.com/pborman/getopt v0.0.0-20190409184431-ee0cd42419d3/go.mod h1:85jBQOZwpVEaDAr341tbn15RS4fCAsIst0qp7i8ex1o=
github.com/veandco/go-sdl2 v0.4.1 h1:HmSBvVmKWI8LAOeCfTTM8R33rMyPcs6U3o8n325c9Qg=
github.com/veandco/go-sdl2 v0.4.1/go.mod h1:FB+kTpX9YTE+urhYiClnRzpOXbiWgaU3+5F2AB78DPg=
github.com/veandco/go-sdl2 v0.4.2 h1:b2vS0OkSZUXmqVSAASPLfZ7BGXLGQaJQ2t3KBJJMHso=
github.com/veandco/go-sdl2 v0.4.3 h1:vAmvGBrWRmeQ1BhzwbDCSNjKIBLGjTuN0rFN4jnl840=
github.com/veandco/go-sdl2 v0.4.4 h1:coOJGftOdvNvGoUIZmm4XD+ZRQF4mg9ZVHmH3/42zFQ=
golang.org/x/text v0.3.2 h1:tW2bmiBqwgJj/UpqtC8EpXEZVYOwU0yG4iWbprSVAcs=
golang.org/x/text v0.3.2/go.mod h1:bEr9sfX3Q8Zfm5fL9x+3itogRgK3+ptLWKqgva+5dAk=
golang.org/x/tools v0.0.0-20180917221912-90fa682c2a6e/go.mod h1:n7NCudcB/nEzxVGmLbDWY5pfWTLqBcC2KZ6jyYvM4mQ=
gopkg.in/check.v1 v0.0.0-20161208181325-20d25e280405 h1:yhCVgyC4o1eVCa2tZl7eS0r+SDo693bJlVdllGtEeKM=
gopkg.in/check.v1 v0.0.0-20161208181325-20d25e280405/go.mod h1:Co6ibVJAznAaIkqp8huTwlJQCZ016jof/cbN4VW5Yz0=
gopkg.in/yaml.v3 v3.0.0-20200313102051-9f266ea9e77c h1:dUUwHk2QECo/6vqA44rthZ8ie2QXMNeKRTHCNY2nXvo=
gopkg.in/yaml.v3 v3.0.0-20200313102051-9f266ea9e77c/go.mod h1:K4uyk7z7BCEPqu6E+C64Yfv1cQ7kz7rIZviUmN+EgEM=
