github.com/QuestScreen/api v0.3.0 h1:LhEW/eFojKSie4a7oi58f+3SG49h6haSvg36xOOQ4gQ=
github.com/QuestScreen/api v0.3.0/go.mod h1:/B3uPCRFw7o8DucaI5J/3ZrMMiwybNMJ4jvlCEIFkKM=
github.com/go-bindata/go-bindata v1.0.0 h1:DZ34txDXWn1DyWa+vQf7V9ANc2ILTtrEjtlsdJRF26M=
github.com/go-bindata/go-bindata v3.1.2+incompatible h1:5vjJMVhowQdPzjE1LdxyFF7YFTXg5IgGVW4gBr5IbvE=
github.com/go-bindata/go-bindata v3.1.2+incompatible/go.mod h1:xK8Dsgwmeed+BBsSy2XTopBn/8uK2HWuGSnA11C3Joo=
github.com/pborman/getopt v0.0.0-20190409184431-ee0cd42419d3 h1:YtFkrqsMEj7YqpIhRteVxJxCeC3jJBieuLr0d4C4rSA=
github.com/pborman/getopt v0.0.0-20190409184431-ee0cd42419d3/go.mod h1:85jBQOZwpVEaDAr341tbn15RS4fCAsIst0qp7i8ex1o=
github.com/veandco/go-sdl2 v0.4.1 h1:HmSBvVmKWI8LAOeCfTTM8R33rMyPcs6U3o8n325c9Qg=
github.com/veandco/go-sdl2 v0.4.1/go.mod h1:FB+kTpX9YTE+urhYiClnRzpOXbiWgaU3+5F2AB78DPg=
golang.org/x/text v0.3.2 h1:tW2bmiBqwgJj/UpqtC8EpXEZVYOwU0yG4iWbprSVAcs=
golang.org/x/text v0.3.2/go.mod h1:bEr9sfX3Q8Zfm5fL9x+3itogRgK3+ptLWKqgva+5dAk=
golang.org/x/tools v0.0.0-20180917221912-90fa682c2a6e/go.mod h1:n7NCudcB/nEzxVGmLbDWY5pfWTLqBcC2KZ6jyYvM4mQ=
gopkg.in/check.v1 v0.0.0-20161208181325-20d25e280405/go.mod h1:Co6ibVJAznAaIkqp8huTwlJQCZ016jof/cbN4VW5Yz0=
gopkg.in/yaml.v3 v3.0.0-20200313102051-9f266ea9e77c h1:dUUwHk2QECo/6vqA44rthZ8ie2QXMNeKRTHCNY2nXvo=
gopkg.in/yaml.v3 v3.0.0-20200313102051-9f266ea9e77c/go.mod h1:K4uyk7z7BCEPqu6E+C64Yfv1cQ7kz7rIZviUmN+EgEM=
